{
  "lockfile_version": "1",
  "packages": {
    "bat@latest": {
      "last_modified": "2024-12-23T21:10:33Z",
      "resolved": "github:NixOS/nixpkgs/de1864217bfa9b5845f465e771e0ecb48b30e02d#bat",
      "source": "devbox-search",
      "version": "0.24.0",
      "systems": {
        "aarch64-darwin": {
          "outputs": [
            {
              "name": "out",
              "path": "/nix/store/ji62ssis7jbfh2fb3xd5iwyj4n1cizk5-bat-0.24.0",
              "default": true
            }
          ],
          "store_path": "/nix/store/ji62ssis7jbfh2fb3xd5iwyj4n1cizk5-bat-0.24.0"
        },
        "aarch64-linux": {
          "outputs": [
            {
              "name": "out",
              "path": "/nix/store/rcq4cvwzz5z10lb2iafxz7dpqlhfz788-bat-0.24.0",
              "default": true
            }
          ],
          "store_path": "/nix/store/rcq4cvwzz5z10lb2iafxz7dpqlhfz788-bat-0.24.0"
        },
        "x86_64-darwin": {
          "outputs": [
            {
              "name": "out",
              "path": "/nix/store/hwi5ynxsvrfny50gsnws3dxr9ajybp76-bat-0.24.0",
              "default": true
            }
          ],
          "store_path": "/nix/store/hwi5ynxsvrfny50gsnws3dxr9ajybp76-bat-0.24.0"
        },
        "x86_64-linux": {
          "outputs": [
            {
              "name": "out",
              "path": "/nix/store/s01ih05das85a4w59f1fdsh1cra5svcv-bat-0.24.0",
              "default": true
            }
          ],
          "store_path": "/nix/store/s01ih05das85a4w59f1fdsh1cra5svcv-bat-0.24.0"
        }
      }
    },
    "eza@latest": {
      "last_modified": "2025-01-02T12:43:26Z",
      "resolved": "github:NixOS/nixpkgs/d6973081434f88088e5321f83ebafe9a1167c367#eza",
      "source": "devbox-search",
      "version": "0.20.15",
      "systems": {
        "aarch64-darwin": {
          "outputs": [
            {
              "name": "out",
              "path": "/nix/store/63bzzpzks7i4sfkxf6iqa52hnmxl1kxa-eza-0.20.15",
              "default": true
            },
            {
              "name": "man",
              "path": "/nix/store/k0if716vv1lmd74d6g4y3zk0p9vn2z5i-eza-0.20.15-man",
              "default": true
            }
          ],
          "store_path": "/nix/store/63bzzpzks7i4sfkxf6iqa52hnmxl1kxa-eza-0.20.15"
        },
        "aarch64-linux": {
          "outputs": [
            {
              "name": "out",
              "path": "/nix/store/51y169gn91hq52scl2bcfgsz3vl42i73-eza-0.20.15",
              "default": true
            },
            {
              "name": "man",
              "path": "/nix/store/7ag0y7w7vppgmwmf3qmsxnp97ziswhna-eza-0.20.15-man",
              "default": true
            }
          ],
          "store_path": "/nix/store/51y169gn91hq52scl2bcfgsz3vl42i73-eza-0.20.15"
        },
        "x86_64-darwin": {
          "outputs": [
            {
              "name": "out",
              "path": "/nix/store/frhdx24pl1gk5gn7bihvf1lwfj2mvq3s-eza-0.20.15",
              "default": true
            },
            {
              "name": "man",
              "path": "/nix/store/84bnqnjhnjmfm0xspx4jmpb0fj3b1765-eza-0.20.15-man",
              "default": true
            }
          ],
          "store_path": "/nix/store/frhdx24pl1gk5gn7bihvf1lwfj2mvq3s-eza-0.20.15"
        },
        "x86_64-linux": {
          "outputs": [
            {
              "name": "out",
              "path": "/nix/store/jz7bqgw7x8nqglsrqfcdmizkgkzpig6y-eza-0.20.15",
              "default": true
            },
            {
              "name": "man",
              "path": "/nix/store/rb8bf1db70q2sh74rshfvfixsn9qh0hx-eza-0.20.15-man",
              "default": true
            }
          ],
          "store_path": "/nix/store/jz7bqgw7x8nqglsrqfcdmizkgkzpig6y-eza-0.20.15"
        }
      }
    },
    "fzf@latest": {
      "last_modified": "2024-12-23T21:10:33Z",
      "resolved": "github:NixOS/nixpkgs/de1864217bfa9b5845f465e771e0ecb48b30e02d#fzf",
      "source": "devbox-search",
      "version": "0.57.0",
      "systems": {
        "aarch64-darwin": {
          "outputs": [
            {
              "name": "out",
              "path": "/nix/store/8iaarhsqpdvg0ndwdvjcx6rp8fnw2fzk-fzf-0.57.0",
              "default": true
            },
            {
              "name": "man",
              "path": "/nix/store/gszq21lhpz1iy57paszhzna44ig3z6d1-fzf-0.57.0-man",
              "default": true
            }
          ],
          "store_path": "/nix/store/8iaarhsqpdvg0ndwdvjcx6rp8fnw2fzk-fzf-0.57.0"
        },
        "aarch64-linux": {
          "outputs": [
            {
              "name": "out",
              "path": "/nix/store/4m0q1zccd891q3phq23dg1b4dfnyqw6r-fzf-0.57.0",
              "default": true
            },
            {
              "name": "man",
              "path": "/nix/store/pzvqwg3xsk0llfmwp49mv0q1yj0506i0-fzf-0.57.0-man",
              "default": true
            }
          ],
          "store_path": "/nix/store/4m0q1zccd891q3phq23dg1b4dfnyqw6r-fzf-0.57.0"
        },
        "x86_64-darwin": {
          "outputs": [
            {
              "name": "out",
              "path": "/nix/store/dgkgwwdwilbg1bfqw1hdym0v206pdxwd-fzf-0.57.0",
              "default": true
            },
            {
              "name": "man",
              "path": "/nix/store/chwh9bxf1miy4gbym0f2pasnpg6n26pb-fzf-0.57.0-man",
              "default": true
            }
          ],
          "store_path": "/nix/store/dgkgwwdwilbg1bfqw1hdym0v206pdxwd-fzf-0.57.0"
        },
        "x86_64-linux": {
          "outputs": [
            {
              "name": "out",
              "path": "/nix/store/qb76l3bdjlld3xdvr2clbqwsi8l1rh5j-fzf-0.57.0",
              "default": true
            },
            {
              "name": "man",
              "path": "/nix/store/709q83k1ma94r5qwiwm330sm67fh3bgs-fzf-0.57.0-man",
              "default": true
            }
          ],
          "store_path": "/nix/store/qb76l3bdjlld3xdvr2clbqwsi8l1rh5j-fzf-0.57.0"
        }
      }
    },
    "gh@2.50.0": {
      "last_modified": "2024-06-12T20:55:33Z",
      "resolved": "github:NixOS/nixpkgs/a9858885e197f984d92d7fe64e9fff6b2e488d40#gh",
      "source": "devbox-search",
      "version": "2.50.0",
      "systems": {
        "aarch64-darwin": {
          "outputs": [
            {
              "name": "out",
              "path": "/nix/store/fakps5h8ldbfpm4nvfbv6bq34w4683zb-gh-2.50.0",
              "default": true
            }
          ],
          "store_path": "/nix/store/fakps5h8ldbfpm4nvfbv6bq34w4683zb-gh-2.50.0"
        },
        "aarch64-linux": {
          "outputs": [
            {
              "name": "out",
              "path": "/nix/store/zjgldv0bm6iwj6z0jxqbdl72rbab3w8m-gh-2.50.0",
              "default": true
            }
          ],
          "store_path": "/nix/store/zjgldv0bm6iwj6z0jxqbdl72rbab3w8m-gh-2.50.0"
        },
        "x86_64-darwin": {
          "outputs": [
            {
              "name": "out",
              "path": "/nix/store/c0svh26s09a268a27wmy5cslwfm1s6wg-gh-2.50.0",
              "default": true
            }
          ],
          "store_path": "/nix/store/c0svh26s09a268a27wmy5cslwfm1s6wg-gh-2.50.0"
        },
        "x86_64-linux": {
          "outputs": [
            {
              "name": "out",
              "path": "/nix/store/biinwbg4g09i66nnrj2gp2blx23xv3kf-gh-2.50.0",
              "default": true
            }
          ],
          "store_path": "/nix/store/biinwbg4g09i66nnrj2gp2blx23xv3kf-gh-2.50.0"
        }
      }
    },
    "jq@1.7.1": {
      "last_modified": "2025-01-02T12:43:26Z",
      "resolved": "github:NixOS/nixpkgs/d6973081434f88088e5321f83ebafe9a1167c367#jq",
      "source": "devbox-search",
      "version": "1.7.1",
      "systems": {
        "aarch64-darwin": {
          "outputs": [
            {
              "name": "bin",
              "path": "/nix/store/x07x6ixbqrh7javaz84sh7lxy5zjwc66-jq-1.7.1-bin",
              "default": true
            },
            {
              "name": "man",
              "path": "/nix/store/fik16kqw21fpfknda8xpmqi94brmdy5m-jq-1.7.1-man",
              "default": true
            },
            {
              "name": "doc",
              "path": "/nix/store/viyl0y7dbapp79ibwliqfljxr13n89b9-jq-1.7.1-doc"
            },
            {
              "name": "out",
              "path": "/nix/store/kkymhin05qdfplfnv5k50x0fb9qbvrbl-jq-1.7.1"
            },
            {
              "name": "dev",
              "path": "/nix/store/lhqbi2g0dpiv87341gzzd3vlkcs817yq-jq-1.7.1-dev"
            }
          ],
          "store_path": "/nix/store/x07x6ixbqrh7javaz84sh7lxy5zjwc66-jq-1.7.1-bin"
        },
        "aarch64-linux": {
          "outputs": [
            {
              "name": "bin",
              "path": "/nix/store/bs198wj6yi71yzbiykizj5y79ll1y5a5-jq-1.7.1-bin",
              "default": true
            },
            {
              "name": "man",
              "path": "/nix/store/0brmnz2q55dkzqbnld9s2l53hzyi82yg-jq-1.7.1-man",
              "default": true
            },
            {
              "name": "dev",
              "path": "/nix/store/ibh2q48q1xn2bfyvjm6kr3wkphi3rb9r-jq-1.7.1-dev"
            },
            {
              "name": "doc",
              "path": "/nix/store/wjjkav2gqfj67wzzkfw9gmp878dxpy0r-jq-1.7.1-doc"
            },
            {
              "name": "out",
              "path": "/nix/store/cpxcnasas8nnwib686pbhzrkz1cnq0p6-jq-1.7.1"
            }
          ],
          "store_path": "/nix/store/bs198wj6yi71yzbiykizj5y79ll1y5a5-jq-1.7.1-bin"
        },
        "x86_64-darwin": {
          "outputs": [
            {
              "name": "bin",
              "path": "/nix/store/ingdf4pkbkm85bfl0j95j834lvhllp3a-jq-1.7.1-bin",
              "default": true
            },
            {
              "name": "man",
              "path": "/nix/store/w6aijc6k90s04jx5a7pk8j1gmacyllqc-jq-1.7.1-man",
              "default": true
            },
            {
              "name": "out",
              "path": "/nix/store/0g44qcyxjr944pn560l3mr884akh7il4-jq-1.7.1"
            },
            {
              "name": "dev",
              "path": "/nix/store/zvwl6lq9xq1sk9vapx51vajz00c80087-jq-1.7.1-dev"
            },
            {
              "name": "doc",
              "path": "/nix/store/22qfscingx32vgap2kg9gcrgcrvv6ykn-jq-1.7.1-doc"
            }
          ],
          "store_path": "/nix/store/ingdf4pkbkm85bfl0j95j834lvhllp3a-jq-1.7.1-bin"
        },
        "x86_64-linux": {
          "outputs": [
            {
              "name": "bin",
              "path": "/nix/store/c79nkzxaiki5r7igd4a5lawwdds38f2l-jq-1.7.1-bin",
              "default": true
            },
            {
              "name": "man",
              "path": "/nix/store/bj4b7al7f1x6lvsk1p5gza26ya5is8zn-jq-1.7.1-man",
              "default": true
            },
            {
              "name": "dev",
              "path": "/nix/store/4nrxcmjis6bahcr6gphczjfhz12f2vnd-jq-1.7.1-dev"
            },
            {
              "name": "doc",
              "path": "/nix/store/kbp9hjh0zcqdc04kiya3wazs50g3mhnp-jq-1.7.1-doc"
            },
            {
              "name": "out",
              "path": "/nix/store/s8vyrf9xh2yh66ilivw3gi8hzxv7d44c-jq-1.7.1"
            }
          ],
          "store_path": "/nix/store/c79nkzxaiki5r7igd4a5lawwdds38f2l-jq-1.7.1-bin"
        }
      }
    },
    "k9s@0.31.9": {
      "last_modified": "2024-02-24T23:06:34Z",
      "resolved": "github:NixOS/nixpkgs/9a9dae8f6319600fa9aebde37f340975cab4b8c0#k9s",
      "source": "devbox-search",
      "version": "0.31.9",
      "systems": {
        "aarch64-darwin": {
          "outputs": [
            {
              "name": "out",
              "path": "/nix/store/0qkrm5y6z5vz605y60jv4gg2gx6axfry-k9s-0.31.9",
              "default": true
            }
          ],
          "store_path": "/nix/store/0qkrm5y6z5vz605y60jv4gg2gx6axfry-k9s-0.31.9"
        },
        "aarch64-linux": {
          "outputs": [
            {
              "name": "out",
              "path": "/nix/store/n6gh7rpac91c01jz0c7vzhswlh92v33p-k9s-0.31.9",
              "default": true
            }
          ],
          "store_path": "/nix/store/n6gh7rpac91c01jz0c7vzhswlh92v33p-k9s-0.31.9"
        },
        "x86_64-darwin": {
          "outputs": [
            {
              "name": "out",
              "path": "/nix/store/wywn4q13kcd1ymrpm277dbjch4zf9rkn-k9s-0.31.9",
              "default": true
            }
          ],
          "store_path": "/nix/store/wywn4q13kcd1ymrpm277dbjch4zf9rkn-k9s-0.31.9"
        },
        "x86_64-linux": {
          "outputs": [
            {
              "name": "out",
              "path": "/nix/store/km2ac176jb7yg8ib4qanzmpjj6drb0rh-k9s-0.31.9",
              "default": true
            }
          ],
          "store_path": "/nix/store/km2ac176jb7yg8ib4qanzmpjj6drb0rh-k9s-0.31.9"
        }
      }
    },
    "kind@0.23.0": {
      "last_modified": "2024-08-14T11:41:26Z",
      "resolved": "github:NixOS/nixpkgs/0cb2fd7c59fed0cd82ef858cbcbdb552b9a33465#kind",
      "source": "devbox-search",
      "version": "0.23.0",
      "systems": {
        "aarch64-darwin": {
          "outputs": [
            {
              "name": "out",
              "path": "/nix/store/rl3mxy800109l52bvnyayhzkb2b7sagm-kind-0.23.0",
              "default": true
            }
          ],
          "store_path": "/nix/store/rl3mxy800109l52bvnyayhzkb2b7sagm-kind-0.23.0"
        },
        "aarch64-linux": {
          "outputs": [
            {
              "name": "out",
              "path": "/nix/store/0r4p2d590c17lczs03hviq94nhaqhana-kind-0.23.0",
              "default": true
            }
          ],
          "store_path": "/nix/store/0r4p2d590c17lczs03hviq94nhaqhana-kind-0.23.0"
        },
        "x86_64-darwin": {
          "outputs": [
            {
              "name": "out",
              "path": "/nix/store/krl3i2xmqvdldy76l8kvcyyz68azzp1b-kind-0.23.0",
              "default": true
            }
          ],
          "store_path": "/nix/store/krl3i2xmqvdldy76l8kvcyyz68azzp1b-kind-0.23.0"
        },
        "x86_64-linux": {
          "outputs": [
            {
              "name": "out",
              "path": "/nix/store/8215xk1j01md3qlzqxadpvmd27fndcw5-kind-0.23.0",
              "default": true
            }
          ],
          "store_path": "/nix/store/8215xk1j01md3qlzqxadpvmd27fndcw5-kind-0.23.0"
        }
      }
    },
    "kubectl@1.31.2": {
      "last_modified": "2024-12-03T12:40:06Z",
      "resolved": "github:NixOS/nixpkgs/566e53c2ad750c84f6d31f9ccb9d00f823165550#kubectl",
      "source": "devbox-search",
      "version": "1.31.2",
      "systems": {
        "aarch64-darwin": {
          "outputs": [
            {
              "name": "out",
              "path": "/nix/store/4h9x0qgwzy2ck8zbcr0rs9wa7r9d2w1d-kubectl-1.31.2",
              "default": true
            },
            {
              "name": "man",
              "path": "/nix/store/7zcwgck6jgiq6akld3d58araw9cpxn1z-kubectl-1.31.2-man",
              "default": true
            },
            {
              "name": "convert",
              "path": "/nix/store/1ws1665h5aja4l1756g1qxqsc15z4skg-kubectl-1.31.2-convert"
            }
          ],
          "store_path": "/nix/store/4h9x0qgwzy2ck8zbcr0rs9wa7r9d2w1d-kubectl-1.31.2"
        },
        "aarch64-linux": {
          "outputs": [
            {
              "name": "out",
              "path": "/nix/store/hs22srzb0xw25047q72lzf8yvkyndayp-kubectl-1.31.2",
              "default": true
            },
            {
              "name": "man",
              "path": "/nix/store/m6pgvbcpw5yyiy5f2106ihkapk7kjv9l-kubectl-1.31.2-man",
              "default": true
            },
            {
              "name": "convert",
              "path": "/nix/store/mk43xaa0hzc5hsg115nfa89h8p05l70n-kubectl-1.31.2-convert"
            }
          ],
          "store_path": "/nix/store/hs22srzb0xw25047q72lzf8yvkyndayp-kubectl-1.31.2"
        },
        "x86_64-darwin": {
          "outputs": [
            {
              "name": "out",
              "path": "/nix/store/gly4lkqmncv1w3f8prsqkxwdbvqgkl9n-kubectl-1.31.2",
              "default": true
            },
            {
              "name": "man",
              "path": "/nix/store/akj5kj9i82b7qsqknmdr20ga4z48yf62-kubectl-1.31.2-man",
              "default": true
            },
            {
              "name": "convert",
              "path": "/nix/store/vxzk15k7vikpvy3l6cxndh97p68giaa6-kubectl-1.31.2-convert"
            }
          ],
          "store_path": "/nix/store/gly4lkqmncv1w3f8prsqkxwdbvqgkl9n-kubectl-1.31.2"
        },
        "x86_64-linux": {
          "outputs": [
            {
              "name": "out",
              "path": "/nix/store/1j9p9ln3z15hr13vnk1xgn3l7jhginph-kubectl-1.31.2",
              "default": true
            },
            {
              "name": "man",
              "path": "/nix/store/578hzmyh3y8lzrc8z9c6cpq2br34cvbm-kubectl-1.31.2-man",
              "default": true
            },
            {
              "name": "convert",
              "path": "/nix/store/3ydlgf7gg4b92bkbf6ipqrr2khkag66w-kubectl-1.31.2-convert"
            }
          ],
          "store_path": "/nix/store/1j9p9ln3z15hr13vnk1xgn3l7jhginph-kubectl-1.31.2"
        }
      }
    },
    "starship@1.20.1": {
      "last_modified": "2024-10-13T23:44:06Z",
      "resolved": "github:NixOS/nixpkgs/d4f247e89f6e10120f911e2e2d2254a050d0f732#starship",
      "source": "devbox-search",
      "version": "1.20.1",
      "systems": {
        "aarch64-darwin": {
          "outputs": [
            {
              "name": "out",
              "path": "/nix/store/bnfm08bw1mcmpzzfny7za0c9s4g941j5-starship-1.20.1",
              "default": true
            }
          ],
          "store_path": "/nix/store/bnfm08bw1mcmpzzfny7za0c9s4g941j5-starship-1.20.1"
        },
        "aarch64-linux": {
          "outputs": [
            {
              "name": "out",
              "path": "/nix/store/nxrbxh98zlyicg69wp8m9l6206dnf1g3-starship-1.20.1",
              "default": true
            }
          ],
          "store_path": "/nix/store/nxrbxh98zlyicg69wp8m9l6206dnf1g3-starship-1.20.1"
        },
        "x86_64-darwin": {
          "outputs": [
            {
              "name": "out",
              "path": "/nix/store/2fvbpnwck1vv3ck5n90qr0aqrzrpdcg2-starship-1.20.1",
              "default": true
            }
          ],
          "store_path": "/nix/store/2fvbpnwck1vv3ck5n90qr0aqrzrpdcg2-starship-1.20.1"
        },
        "x86_64-linux": {
          "outputs": [
            {
              "name": "out",
              "path": "/nix/store/pv0f1lw09lfyyvrk8q8hwd0bg08pqyz7-starship-1.20.1",
              "default": true
            }
          ],
          "store_path": "/nix/store/pv0f1lw09lfyyvrk8q8hwd0bg08pqyz7-starship-1.20.1"
        }
      }
    },
    "yq-go@4.44.1": {
      "last_modified": "2024-06-12T20:55:33Z",
      "resolved": "github:NixOS/nixpkgs/a9858885e197f984d92d7fe64e9fff6b2e488d40#yq-go",
      "source": "devbox-search",
      "version": "4.44.1",
      "systems": {
        "aarch64-darwin": {
          "outputs": [
            {
              "name": "out",
              "path": "/nix/store/c680a8924hfl6kilfmm7wdi17x816lf9-yq-go-4.44.1",
              "default": true
            }
          ],
          "store_path": "/nix/store/c680a8924hfl6kilfmm7wdi17x816lf9-yq-go-4.44.1"
        },
        "aarch64-linux": {
          "outputs": [
            {
              "name": "out",
              "path": "/nix/store/v0fdhzjlivcbxys68cv61bk1i3arm6yf-yq-go-4.44.1",
              "default": true
            }
          ],
          "store_path": "/nix/store/v0fdhzjlivcbxys68cv61bk1i3arm6yf-yq-go-4.44.1"
        },
        "x86_64-darwin": {
          "outputs": [
            {
              "name": "out",
              "path": "/nix/store/inlcz0pxlnqi8xwd1lxi0kf0d1dgr5s9-yq-go-4.44.1",
              "default": true
            }
          ],
          "store_path": "/nix/store/inlcz0pxlnqi8xwd1lxi0kf0d1dgr5s9-yq-go-4.44.1"
        },
        "x86_64-linux": {
          "outputs": [
            {
              "name": "out",
              "path": "/nix/store/kcihngcm9wjddhx6hlvqchj927698df2-yq-go-4.44.1",
              "default": true
            }
          ],
          "store_path": "/nix/store/kcihngcm9wjddhx6hlvqchj927698df2-yq-go-4.44.1"
        }
      }
    },
    "zoxide@latest": {
      "last_modified": "2024-12-23T21:10:33Z",
      "resolved": "github:NixOS/nixpkgs/de1864217bfa9b5845f465e771e0ecb48b30e02d#zoxide",
      "source": "devbox-search",
      "version": "0.9.6",
      "systems": {
        "aarch64-darwin": {
          "outputs": [
            {
              "name": "out",
              "path": "/nix/store/lk431w3jp31zbbmwxhjn3wx5dkp7px3w-zoxide-0.9.6",
              "default": true
            }
          ],
          "store_path": "/nix/store/lk431w3jp31zbbmwxhjn3wx5dkp7px3w-zoxide-0.9.6"
        },
        "aarch64-linux": {
          "outputs": [
            {
              "name": "out",
              "path": "/nix/store/cz55mamp3l4bqklaz61y9bz0yvqi4mba-zoxide-0.9.6",
              "default": true
            }
          ],
          "store_path": "/nix/store/cz55mamp3l4bqklaz61y9bz0yvqi4mba-zoxide-0.9.6"
        },
        "x86_64-darwin": {
          "outputs": [
            {
              "name": "out",
              "path": "/nix/store/66qhkq7bshz34aby8rw1d2rkwl9vq6vi-zoxide-0.9.6",
              "default": true
            }
          ],
          "store_path": "/nix/store/66qhkq7bshz34aby8rw1d2rkwl9vq6vi-zoxide-0.9.6"
        },
        "x86_64-linux": {
          "outputs": [
            {
              "name": "out",
              "path": "/nix/store/l4k3n4vi2y5qjzzhihr37jwhwxz4vxdq-zoxide-0.9.6",
              "default": true
            }
          ],
          "store_path": "/nix/store/l4k3n4vi2y5qjzzhihr37jwhwxz4vxdq-zoxide-0.9.6"
        }
      }
    }
  }
}
